// !$*UTF8*$!
{
	archiveVersion = 1;
	classes = {
	};
	objectVersion = 55;
	objects = {

/* Begin PBXBuildFile section */
		1E2EBC3B289280670008ECB3 /* SettingsView.swift in Sources */ = {isa = PBXBuildFile; fileRef = 1E2EBC3A289280670008ECB3 /* SettingsView.swift */; };
		1E2EBC3D289281FF0008ECB3 /* ContentView.swift in Sources */ = {isa = PBXBuildFile; fileRef = 1E2EBC3C289281FF0008ECB3 /* ContentView.swift */; };
		1E2EBC3F289282180008ECB3 /* AppState.swift in Sources */ = {isa = PBXBuildFile; fileRef = 1E2EBC3E289282180008ECB3 /* AppState.swift */; };
		1E2EBC41289282580008ECB3 /* Colors.swift in Sources */ = {isa = PBXBuildFile; fileRef = 1E2EBC40289282580008ECB3 /* Colors.swift */; };
		1E34738728928C7600E8C840 /* Schwifty in Frameworks */ = {isa = PBXBuildFile; productRef = 1E34738628928C7600E8C840 /* Schwifty */; };
		1E3AFC9A2891C25100C6A465 /* WebView.swift in Sources */ = {isa = PBXBuildFile; fileRef = 1E3AFC992891C25100C6A465 /* WebView.swift */; };
		1E3AFC9C2891C7C200C6A465 /* WebViewDelegate.swift in Sources */ = {isa = PBXBuildFile; fileRef = 1E3AFC9B2891C7C200C6A465 /* WebViewDelegate.swift */; };
		1E4497A7290D2E65008D7E5E /* Toolbar.swift in Sources */ = {isa = PBXBuildFile; fileRef = 1E4497A6290D2E65008D7E5E /* Toolbar.swift */; };
		1E61D79D290BCA91006C4015 /* Localizable.strings in Resources */ = {isa = PBXBuildFile; fileRef = 1E61D79C290BCA91006C4015 /* Localizable.strings */; };
		1E61D7A3290BE5AD006C4015 /* UserMessage.swift in Sources */ = {isa = PBXBuildFile; fileRef = 1E61D7A2290BE5AD006C4015 /* UserMessage.swift */; };
		1E628D0228916BED00570FCC /* MyApp.swift in Sources */ = {isa = PBXBuildFile; fileRef = 1E628D0128916BED00570FCC /* MyApp.swift */; };
		1E628D1428916BEE00570FCC /* PipperTests.swift in Sources */ = {isa = PBXBuildFile; fileRef = 1E628D1328916BEE00570FCC /* PipperTests.swift */; };
		1E628D352891745000570FCC /* Assets.xcassets in Resources */ = {isa = PBXBuildFile; fileRef = 1E628D332891745000570FCC /* Assets.xcassets */; };
		1E6FD79328A0F34600021336 /* BookmarksGrid.swift in Sources */ = {isa = PBXBuildFile; fileRef = 1E6FD79228A0F34600021336 /* BookmarksGrid.swift */; };
		1E6FD79528A0F36100021336 /* Bookmark.swift in Sources */ = {isa = PBXBuildFile; fileRef = 1E6FD79428A0F36100021336 /* Bookmark.swift */; };
		1E6FD79728A0F38100021336 /* NavigationRequest.swift in Sources */ = {isa = PBXBuildFile; fileRef = 1E6FD79628A0F38100021336 /* NavigationRequest.swift */; };
		1E6FD79928A0F38800021336 /* UserAgent.swift in Sources */ = {isa = PBXBuildFile; fileRef = 1E6FD79828A0F38800021336 /* UserAgent.swift */; };
		1E6FD79B28A0F39000021336 /* SearchEngine.swift in Sources */ = {isa = PBXBuildFile; fileRef = 1E6FD79A28A0F39000021336 /* SearchEngine.swift */; };
		1E78955828AD33D0000F7077 /* LaunchAtLogin in Frameworks */ = {isa = PBXBuildFile; productRef = 1E78955728AD33D0000F7077 /* LaunchAtLogin */; };
		1E93EEBD2895BE84006CF96A /* BookmarksPage.swift in Sources */ = {isa = PBXBuildFile; fileRef = 1E93EEBC2895BE84006CF96A /* BookmarksPage.swift */; };
		1E93EEC02895C8DD006CF96A /* Kingfisher in Frameworks */ = {isa = PBXBuildFile; productRef = 1E93EEBF2895C8DD006CF96A /* Kingfisher */; };
		1E93EEC22895D1E2006CF96A /* UserMessages.swift in Sources */ = {isa = PBXBuildFile; fileRef = 1E93EEC12895D1E2006CF96A /* UserMessages.swift */; };
		1E93EEC82895D941006CF96A /* Forms.swift in Sources */ = {isa = PBXBuildFile; fileRef = 1E93EEC72895D941006CF96A /* Forms.swift */; };
		1E93EECB289668F3006CF96A /* BookmarkEditor.swift in Sources */ = {isa = PBXBuildFile; fileRef = 1E93EECA289668F3006CF96A /* BookmarkEditor.swift */; };
		1EC926B7289F98BD0056E42C /* URLUtils.swift in Sources */ = {isa = PBXBuildFile; fileRef = 1EC926B6289F98BD0056E42C /* URLUtils.swift */; };
		1ED28CA02892C4A200D35DA4 /* WindowManager.swift in Sources */ = {isa = PBXBuildFile; fileRef = 1ED28C9F2892C4A200D35DA4 /* WindowManager.swift */; };
		1ED28CA22892CF3700D35DA4 /* SearchBar.swift in Sources */ = {isa = PBXBuildFile; fileRef = 1ED28CA12892CF3700D35DA4 /* SearchBar.swift */; };
		1ED28CA42892DB1500D35DA4 /* README.md in Resources */ = {isa = PBXBuildFile; fileRef = 1ED28CA32892DB1500D35DA4 /* README.md */; };
		641658932AF62887003C08EF /* Dependencies.swift in Sources */ = {isa = PBXBuildFile; fileRef = 641658922AF62887003C08EF /* Dependencies.swift */; };
		641658952AF628C2003C08EF /* RuntimeEvents.swift in Sources */ = {isa = PBXBuildFile; fileRef = 641658942AF628C2003C08EF /* RuntimeEvents.swift */; };
		641658982AF62993003C08EF /* Swinject in Frameworks */ = {isa = PBXBuildFile; productRef = 641658972AF62993003C08EF /* Swinject */; };
		64FEDA892AF5871200C853EC /* Spacing.swift in Sources */ = {isa = PBXBuildFile; fileRef = 64FEDA882AF5871200C853EC /* Spacing.swift */; };
		64FEDA8B2AF5871E00C853EC /* Stacks.swift in Sources */ = {isa = PBXBuildFile; fileRef = 64FEDA8A2AF5871E00C853EC /* Stacks.swift */; };
		64FEDA8D2AF58FDE00C853EC /* WindowMover.swift in Sources */ = {isa = PBXBuildFile; fileRef = 64FEDA8C2AF58FDE00C853EC /* WindowMover.swift */; };
/* End PBXBuildFile section */

/* Begin PBXContainerItemProxy section */
		1E628D1028916BEE00570FCC /* PBXContainerItemProxy */ = {
			isa = PBXContainerItemProxy;
			containerPortal = 1E628CF628916BED00570FCC /* Project object */;
			proxyType = 1;
			remoteGlobalIDString = 1E628CFD28916BED00570FCC;
			remoteInfo = Pipper;
		};
/* End PBXContainerItemProxy section */

/* Begin PBXFileReference section */
		1E2B2BD42917E53300983495 /* Silica.framework */ = {isa = PBXFileReference; lastKnownFileType = wrapper.framework; path = Silica.framework; sourceTree = "<group>"; };
		1E2EBC3A289280670008ECB3 /* SettingsView.swift */ = {isa = PBXFileReference; lastKnownFileType = sourcecode.swift; path = SettingsView.swift; sourceTree = "<group>"; };
		1E2EBC3C289281FF0008ECB3 /* ContentView.swift */ = {isa = PBXFileReference; lastKnownFileType = sourcecode.swift; path = ContentView.swift; sourceTree = "<group>"; };
		1E2EBC3E289282180008ECB3 /* AppState.swift */ = {isa = PBXFileReference; lastKnownFileType = sourcecode.swift; path = AppState.swift; sourceTree = "<group>"; };
		1E2EBC40289282580008ECB3 /* Colors.swift */ = {isa = PBXFileReference; lastKnownFileType = sourcecode.swift; path = Colors.swift; sourceTree = "<group>"; };
		1E3AFC992891C25100C6A465 /* WebView.swift */ = {isa = PBXFileReference; lastKnownFileType = sourcecode.swift; path = WebView.swift; sourceTree = "<group>"; };
		1E3AFC9B2891C7C200C6A465 /* WebViewDelegate.swift */ = {isa = PBXFileReference; lastKnownFileType = sourcecode.swift; path = WebViewDelegate.swift; sourceTree = "<group>"; };
		1E4497A6290D2E65008D7E5E /* Toolbar.swift */ = {isa = PBXFileReference; lastKnownFileType = sourcecode.swift; path = Toolbar.swift; sourceTree = "<group>"; };
		1E61D79C290BCA91006C4015 /* Localizable.strings */ = {isa = PBXFileReference; lastKnownFileType = text.plist.strings; path = Localizable.strings; sourceTree = "<group>"; };
		1E61D7A2290BE5AD006C4015 /* UserMessage.swift */ = {isa = PBXFileReference; lastKnownFileType = sourcecode.swift; path = UserMessage.swift; sourceTree = "<group>"; };
		1E628CFE28916BED00570FCC /* Pipper.app */ = {isa = PBXFileReference; explicitFileType = wrapper.application; includeInIndex = 0; path = Pipper.app; sourceTree = BUILT_PRODUCTS_DIR; };
		1E628D0128916BED00570FCC /* MyApp.swift */ = {isa = PBXFileReference; lastKnownFileType = sourcecode.swift; path = MyApp.swift; sourceTree = "<group>"; };
		1E628D0A28916BED00570FCC /* Pipper.entitlements */ = {isa = PBXFileReference; lastKnownFileType = text.plist.entitlements; path = Pipper.entitlements; sourceTree = "<group>"; };
		1E628D0F28916BEE00570FCC /* PipperTests.xctest */ = {isa = PBXFileReference; explicitFileType = wrapper.cfbundle; includeInIndex = 0; path = PipperTests.xctest; sourceTree = BUILT_PRODUCTS_DIR; };
		1E628D1328916BEE00570FCC /* PipperTests.swift */ = {isa = PBXFileReference; lastKnownFileType = sourcecode.swift; path = PipperTests.swift; sourceTree = "<group>"; };
		1E628D332891745000570FCC /* Assets.xcassets */ = {isa = PBXFileReference; lastKnownFileType = folder.assetcatalog; path = Assets.xcassets; sourceTree = "<group>"; };
		1E6FD79228A0F34600021336 /* BookmarksGrid.swift */ = {isa = PBXFileReference; lastKnownFileType = sourcecode.swift; path = BookmarksGrid.swift; sourceTree = "<group>"; };
		1E6FD79428A0F36100021336 /* Bookmark.swift */ = {isa = PBXFileReference; lastKnownFileType = sourcecode.swift; path = Bookmark.swift; sourceTree = "<group>"; };
		1E6FD79628A0F38100021336 /* NavigationRequest.swift */ = {isa = PBXFileReference; lastKnownFileType = sourcecode.swift; path = NavigationRequest.swift; sourceTree = "<group>"; };
		1E6FD79828A0F38800021336 /* UserAgent.swift */ = {isa = PBXFileReference; lastKnownFileType = sourcecode.swift; path = UserAgent.swift; sourceTree = "<group>"; };
		1E6FD79A28A0F39000021336 /* SearchEngine.swift */ = {isa = PBXFileReference; lastKnownFileType = sourcecode.swift; path = SearchEngine.swift; sourceTree = "<group>"; };
		1E93EEBC2895BE84006CF96A /* BookmarksPage.swift */ = {isa = PBXFileReference; lastKnownFileType = sourcecode.swift; path = BookmarksPage.swift; sourceTree = "<group>"; };
		1E93EEC12895D1E2006CF96A /* UserMessages.swift */ = {isa = PBXFileReference; lastKnownFileType = sourcecode.swift; path = UserMessages.swift; sourceTree = "<group>"; };
		1E93EEC72895D941006CF96A /* Forms.swift */ = {isa = PBXFileReference; lastKnownFileType = sourcecode.swift; path = Forms.swift; sourceTree = "<group>"; };
		1E93EECA289668F3006CF96A /* BookmarkEditor.swift */ = {isa = PBXFileReference; lastKnownFileType = sourcecode.swift; path = BookmarkEditor.swift; sourceTree = "<group>"; };
		1EC926B6289F98BD0056E42C /* URLUtils.swift */ = {isa = PBXFileReference; lastKnownFileType = sourcecode.swift; path = URLUtils.swift; sourceTree = "<group>"; };
		1ED0A57D2893C3A200272CEB /* Info.plist */ = {isa = PBXFileReference; lastKnownFileType = text.plist.xml; path = Info.plist; sourceTree = "<group>"; };
		1ED28C9F2892C4A200D35DA4 /* WindowManager.swift */ = {isa = PBXFileReference; lastKnownFileType = sourcecode.swift; path = WindowManager.swift; sourceTree = "<group>"; };
		1ED28CA12892CF3700D35DA4 /* SearchBar.swift */ = {isa = PBXFileReference; lastKnownFileType = sourcecode.swift; path = SearchBar.swift; sourceTree = "<group>"; };
		1ED28CA32892DB1500D35DA4 /* README.md */ = {isa = PBXFileReference; fileEncoding = 4; lastKnownFileType = net.daringfireball.markdown; path = README.md; sourceTree = "<group>"; };
		641658922AF62887003C08EF /* Dependencies.swift */ = {isa = PBXFileReference; lastKnownFileType = sourcecode.swift; path = Dependencies.swift; sourceTree = "<group>"; };
		641658942AF628C2003C08EF /* RuntimeEvents.swift */ = {isa = PBXFileReference; lastKnownFileType = sourcecode.swift; path = RuntimeEvents.swift; sourceTree = "<group>"; };
		64FEDA882AF5871200C853EC /* Spacing.swift */ = {isa = PBXFileReference; lastKnownFileType = sourcecode.swift; path = Spacing.swift; sourceTree = "<group>"; };
		64FEDA8A2AF5871E00C853EC /* Stacks.swift */ = {isa = PBXFileReference; lastKnownFileType = sourcecode.swift; path = Stacks.swift; sourceTree = "<group>"; };
		64FEDA8C2AF58FDE00C853EC /* WindowMover.swift */ = {isa = PBXFileReference; lastKnownFileType = sourcecode.swift; path = WindowMover.swift; sourceTree = "<group>"; };
/* End PBXFileReference section */

/* Begin PBXFrameworksBuildPhase section */
		1E628CFB28916BED00570FCC /* Frameworks */ = {
			isa = PBXFrameworksBuildPhase;
			buildActionMask = 2147483647;
			files = (
				1E93EEC02895C8DD006CF96A /* Kingfisher in Frameworks */,
				1E78955828AD33D0000F7077 /* LaunchAtLogin in Frameworks */,
				1E34738728928C7600E8C840 /* Schwifty in Frameworks */,
				641658982AF62993003C08EF /* Swinject in Frameworks */,
			);
			runOnlyForDeploymentPostprocessing = 0;
		};
		1E628D0C28916BEE00570FCC /* Frameworks */ = {
			isa = PBXFrameworksBuildPhase;
			buildActionMask = 2147483647;
			files = (
			);
			runOnlyForDeploymentPostprocessing = 0;
		};
/* End PBXFrameworksBuildPhase section */

/* Begin PBXGroup section */
		1E2B2BD32917E53200983495 /* Frameworks */ = {
			isa = PBXGroup;
			children = (
				1E2B2BD42917E53300983495 /* Silica.framework */,
			);
			name = Frameworks;
			sourceTree = "<group>";
		};
		1E61D7A1290BE53E006C4015 /* Models */ = {
			isa = PBXGroup;
			children = (
				1E2EBC3E289282180008ECB3 /* AppState.swift */,
				1E6FD79428A0F36100021336 /* Bookmark.swift */,
				1E6FD79628A0F38100021336 /* NavigationRequest.swift */,
				641658942AF628C2003C08EF /* RuntimeEvents.swift */,
				1E6FD79A28A0F39000021336 /* SearchEngine.swift */,
				1EC926B6289F98BD0056E42C /* URLUtils.swift */,
				1E6FD79828A0F38800021336 /* UserAgent.swift */,
				1E61D7A2290BE5AD006C4015 /* UserMessage.swift */,
			);
			path = Models;
			sourceTree = "<group>";
		};
		1E628CF528916BED00570FCC = {
			isa = PBXGroup;
			children = (
				1E628D0028916BED00570FCC /* Pipper */,
				1E628D1228916BEE00570FCC /* PipperTests */,
				1E628CFF28916BED00570FCC /* Products */,
				1ED28CA32892DB1500D35DA4 /* README.md */,
				1E2B2BD32917E53200983495 /* Frameworks */,
			);
			sourceTree = "<group>";
		};
		1E628CFF28916BED00570FCC /* Products */ = {
			isa = PBXGroup;
			children = (
				1E628CFE28916BED00570FCC /* Pipper.app */,
				1E628D0F28916BEE00570FCC /* PipperTests.xctest */,
			);
			name = Products;
			sourceTree = "<group>";
		};
		1E628D0028916BED00570FCC /* Pipper */ = {
			isa = PBXGroup;
			children = (
				1E628D3628917EE600570FCC /* Sources */,
				1E628D312891745000570FCC /* Resources */,
			);
			path = Pipper;
			sourceTree = "<group>";
		};
		1E628D1228916BEE00570FCC /* PipperTests */ = {
			isa = PBXGroup;
			children = (
				1E628D1328916BEE00570FCC /* PipperTests.swift */,
			);
			path = PipperTests;
			sourceTree = "<group>";
		};
		1E628D312891745000570FCC /* Resources */ = {
			isa = PBXGroup;
			children = (
				1ED0A57D2893C3A200272CEB /* Info.plist */,
				1E628D0A28916BED00570FCC /* Pipper.entitlements */,
				1E628D332891745000570FCC /* Assets.xcassets */,
				1E61D79C290BCA91006C4015 /* Localizable.strings */,
			);
			path = Resources;
			sourceTree = "<group>";
		};
		1E628D3628917EE600570FCC /* Sources */ = {
			isa = PBXGroup;
			children = (
				1E6FD7A128A0F48600021336 /* App */,
				1E6FD78F28A0F2ED00021336 /* Bookmarks */,
				1E6FD78C28A0F29600021336 /* Browser */,
				1E61D7A1290BE53E006C4015 /* Models */,
				1E6FD79E28A0F3F500021336 /* Utils */,
			);
			path = Sources;
			sourceTree = "<group>";
		};
		1E6FD78C28A0F29600021336 /* Browser */ = {
			isa = PBXGroup;
			children = (
				1E3AFC992891C25100C6A465 /* WebView.swift */,
				1E3AFC9B2891C7C200C6A465 /* WebViewDelegate.swift */,
			);
			path = Browser;
			sourceTree = "<group>";
		};
		1E6FD78F28A0F2ED00021336 /* Bookmarks */ = {
			isa = PBXGroup;
			children = (
				1E93EECA289668F3006CF96A /* BookmarkEditor.swift */,
				1E6FD79228A0F34600021336 /* BookmarksGrid.swift */,
				1E93EEBC2895BE84006CF96A /* BookmarksPage.swift */,
			);
			path = Bookmarks;
			sourceTree = "<group>";
		};
		1E6FD79E28A0F3F500021336 /* Utils */ = {
			isa = PBXGroup;
			children = (
				1E2EBC40289282580008ECB3 /* Colors.swift */,
				1E93EEC72895D941006CF96A /* Forms.swift */,
				64FEDA882AF5871200C853EC /* Spacing.swift */,
				64FEDA8A2AF5871E00C853EC /* Stacks.swift */,
			);
			path = Utils;
			sourceTree = "<group>";
		};
		1E6FD7A128A0F48600021336 /* App */ = {
			isa = PBXGroup;
			children = (
				1E2EBC3C289281FF0008ECB3 /* ContentView.swift */,
				641658922AF62887003C08EF /* Dependencies.swift */,
				1E628D0128916BED00570FCC /* MyApp.swift */,
				1ED28CA12892CF3700D35DA4 /* SearchBar.swift */,
				1E2EBC3A289280670008ECB3 /* SettingsView.swift */,
				1E4497A6290D2E65008D7E5E /* Toolbar.swift */,
				1E93EEC12895D1E2006CF96A /* UserMessages.swift */,
				1ED28C9F2892C4A200D35DA4 /* WindowManager.swift */,
				64FEDA8C2AF58FDE00C853EC /* WindowMover.swift */,
			);
			path = App;
			sourceTree = "<group>";
		};
/* End PBXGroup section */

/* Begin PBXNativeTarget section */
		1E628CFD28916BED00570FCC /* Pipper */ = {
			isa = PBXNativeTarget;
			buildConfigurationList = 1E628D2328916BEE00570FCC /* Build configuration list for PBXNativeTarget "Pipper" */;
			buildPhases = (
				1E2EBC3928927EBA0008ECB3 /* SwiftLint */,
				1E628CFA28916BED00570FCC /* Sources */,
				1E628CFB28916BED00570FCC /* Frameworks */,
				1E628CFC28916BED00570FCC /* Resources */,
				1E78955928AD34A4000F7077 /* Launch at Login Helper */,
			);
			buildRules = (
			);
			dependencies = (
			);
			name = Pipper;
			packageProductDependencies = (
				1E34738628928C7600E8C840 /* Schwifty */,
				1E93EEBF2895C8DD006CF96A /* Kingfisher */,
				1E78955728AD33D0000F7077 /* LaunchAtLogin */,
				641658972AF62993003C08EF /* Swinject */,
			);
			productName = Pipper;
			productReference = 1E628CFE28916BED00570FCC /* Pipper.app */;
			productType = "com.apple.product-type.application";
		};
		1E628D0E28916BEE00570FCC /* PipperTests */ = {
			isa = PBXNativeTarget;
			buildConfigurationList = 1E628D2628916BEE00570FCC /* Build configuration list for PBXNativeTarget "PipperTests" */;
			buildPhases = (
				1E628D0B28916BEE00570FCC /* Sources */,
				1E628D0C28916BEE00570FCC /* Frameworks */,
				1E628D0D28916BEE00570FCC /* Resources */,
			);
			buildRules = (
			);
			dependencies = (
				1E628D1128916BEE00570FCC /* PBXTargetDependency */,
			);
			name = PipperTests;
			productName = PipperTests;
			productReference = 1E628D0F28916BEE00570FCC /* PipperTests.xctest */;
			productType = "com.apple.product-type.bundle.unit-test";
		};
/* End PBXNativeTarget section */

/* Begin PBXProject section */
		1E628CF628916BED00570FCC /* Project object */ = {
			isa = PBXProject;
			attributes = {
				BuildIndependentTargetsInParallel = 1;
				LastSwiftUpdateCheck = 1340;
				LastUpgradeCheck = 1500;
				TargetAttributes = {
					1E628CFD28916BED00570FCC = {
						CreatedOnToolsVersion = 13.4.1;
					};
					1E628D0E28916BEE00570FCC = {
						CreatedOnToolsVersion = 13.4.1;
						TestTargetID = 1E628CFD28916BED00570FCC;
					};
				};
			};
			buildConfigurationList = 1E628CF928916BED00570FCC /* Build configuration list for PBXProject "Pipper" */;
			compatibilityVersion = "Xcode 13.0";
			developmentRegion = en;
			hasScannedForEncodings = 0;
			knownRegions = (
				en,
				Base,
			);
			mainGroup = 1E628CF528916BED00570FCC;
			packageReferences = (
				1E34738528928C7600E8C840 /* XCRemoteSwiftPackageReference "schwifty" */,
				1E93EEBE2895C8DD006CF96A /* XCRemoteSwiftPackageReference "Kingfisher" */,
				1E78955628AD33D0000F7077 /* XCRemoteSwiftPackageReference "LaunchAtLogin" */,
				641658962AF6298D003C08EF /* XCRemoteSwiftPackageReference "Swinject" */,
			);
			productRefGroup = 1E628CFF28916BED00570FCC /* Products */;
			projectDirPath = "";
			projectRoot = "";
			targets = (
				1E628CFD28916BED00570FCC /* Pipper */,
				1E628D0E28916BEE00570FCC /* PipperTests */,
			);
		};
/* End PBXProject section */

/* Begin PBXResourcesBuildPhase section */
		1E628CFC28916BED00570FCC /* Resources */ = {
			isa = PBXResourcesBuildPhase;
			buildActionMask = 2147483647;
			files = (
				1ED28CA42892DB1500D35DA4 /* README.md in Resources */,
				1E61D79D290BCA91006C4015 /* Localizable.strings in Resources */,
				1E628D352891745000570FCC /* Assets.xcassets in Resources */,
			);
			runOnlyForDeploymentPostprocessing = 0;
		};
		1E628D0D28916BEE00570FCC /* Resources */ = {
			isa = PBXResourcesBuildPhase;
			buildActionMask = 2147483647;
			files = (
			);
			runOnlyForDeploymentPostprocessing = 0;
		};
/* End PBXResourcesBuildPhase section */

/* Begin PBXShellScriptBuildPhase section */
		1E2EBC3928927EBA0008ECB3 /* SwiftLint */ = {
			isa = PBXShellScriptBuildPhase;
			alwaysOutOfDate = 1;
			buildActionMask = 2147483647;
			files = (
			);
			inputFileListPaths = (
			);
			inputPaths = (
			);
			name = SwiftLint;
			outputFileListPaths = (
			);
			outputPaths = (
			);
			runOnlyForDeploymentPostprocessing = 0;
			shellPath = /bin/sh;
			shellScript = "export PATH=\"$PATH:/opt/homebrew/bin\"\n\nif which swiftlint >/dev/null; then\n  swiftlint lint \"$SRCROOT\" --config \"$SRCROOT\"/.swiftlint.yml\nelse\n  echo \"warning: SwiftLint not installed, download from https://github.com/realm/SwiftLint\"\nfi\n";
		};
		1E78955928AD34A4000F7077 /* Launch at Login Helper */ = {
			isa = PBXShellScriptBuildPhase;
			alwaysOutOfDate = 1;
			buildActionMask = 2147483647;
			files = (
			);
			inputFileListPaths = (
			);
			inputPaths = (
			);
			name = "Launch at Login Helper";
			outputFileListPaths = (
			);
			outputPaths = (
			);
			runOnlyForDeploymentPostprocessing = 0;
			shellPath = /bin/sh;
			shellScript = "\"${BUILT_PRODUCTS_DIR}/LaunchAtLogin_LaunchAtLogin.bundle/Contents/Resources/copy-helper-swiftpm.sh\"\n";
		};
/* End PBXShellScriptBuildPhase section */

/* Begin PBXSourcesBuildPhase section */
		1E628CFA28916BED00570FCC /* Sources */ = {
			isa = PBXSourcesBuildPhase;
			buildActionMask = 2147483647;
			files = (
				1E4497A7290D2E65008D7E5E /* Toolbar.swift in Sources */,
				64FEDA892AF5871200C853EC /* Spacing.swift in Sources */,
				1ED28CA22892CF3700D35DA4 /* SearchBar.swift in Sources */,
				1E3AFC9A2891C25100C6A465 /* WebView.swift in Sources */,
				1E2EBC41289282580008ECB3 /* Colors.swift in Sources */,
				1E93EEBD2895BE84006CF96A /* BookmarksPage.swift in Sources */,
				1E6FD79728A0F38100021336 /* NavigationRequest.swift in Sources */,
				1E6FD79528A0F36100021336 /* Bookmark.swift in Sources */,
				641658932AF62887003C08EF /* Dependencies.swift in Sources */,
				1E93EEC22895D1E2006CF96A /* UserMessages.swift in Sources */,
				64FEDA8B2AF5871E00C853EC /* Stacks.swift in Sources */,
				1E6FD79B28A0F39000021336 /* SearchEngine.swift in Sources */,
				1E93EEC82895D941006CF96A /* Forms.swift in Sources */,
				1E6FD79928A0F38800021336 /* UserAgent.swift in Sources */,
				1E3AFC9C2891C7C200C6A465 /* WebViewDelegate.swift in Sources */,
				1E2EBC3D289281FF0008ECB3 /* ContentView.swift in Sources */,
				1E6FD79328A0F34600021336 /* BookmarksGrid.swift in Sources */,
				1E2EBC3F289282180008ECB3 /* AppState.swift in Sources */,
				1EC926B7289F98BD0056E42C /* URLUtils.swift in Sources */,
				1E93EECB289668F3006CF96A /* BookmarkEditor.swift in Sources */,
				1E2EBC3B289280670008ECB3 /* SettingsView.swift in Sources */,
				1E628D0228916BED00570FCC /* MyApp.swift in Sources */,
				64FEDA8D2AF58FDE00C853EC /* WindowMover.swift in Sources */,
				1E61D7A3290BE5AD006C4015 /* UserMessage.swift in Sources */,
				1ED28CA02892C4A200D35DA4 /* WindowManager.swift in Sources */,
				641658952AF628C2003C08EF /* RuntimeEvents.swift in Sources */,
			);
			runOnlyForDeploymentPostprocessing = 0;
		};
		1E628D0B28916BEE00570FCC /* Sources */ = {
			isa = PBXSourcesBuildPhase;
			buildActionMask = 2147483647;
			files = (
				1E628D1428916BEE00570FCC /* PipperTests.swift in Sources */,
			);
			runOnlyForDeploymentPostprocessing = 0;
		};
/* End PBXSourcesBuildPhase section */

/* Begin PBXTargetDependency section */
		1E628D1128916BEE00570FCC /* PBXTargetDependency */ = {
			isa = PBXTargetDependency;
			target = 1E628CFD28916BED00570FCC /* Pipper */;
			targetProxy = 1E628D1028916BEE00570FCC /* PBXContainerItemProxy */;
		};
/* End PBXTargetDependency section */

/* Begin XCBuildConfiguration section */
		1E628D2128916BEE00570FCC /* Debug */ = {
			isa = XCBuildConfiguration;
			buildSettings = {
				ALWAYS_SEARCH_USER_PATHS = NO;
				CLANG_ANALYZER_NONNULL = YES;
				CLANG_ANALYZER_NUMBER_OBJECT_CONVERSION = YES_AGGRESSIVE;
				CLANG_CXX_LANGUAGE_STANDARD = "gnu++17";
				CLANG_ENABLE_MODULES = YES;
				CLANG_ENABLE_OBJC_ARC = YES;
				CLANG_ENABLE_OBJC_WEAK = YES;
				CLANG_WARN_BLOCK_CAPTURE_AUTORELEASING = YES;
				CLANG_WARN_BOOL_CONVERSION = YES;
				CLANG_WARN_COMMA = YES;
				CLANG_WARN_CONSTANT_CONVERSION = YES;
				CLANG_WARN_DEPRECATED_OBJC_IMPLEMENTATIONS = YES;
				CLANG_WARN_DIRECT_OBJC_ISA_USAGE = YES_ERROR;
				CLANG_WARN_DOCUMENTATION_COMMENTS = YES;
				CLANG_WARN_EMPTY_BODY = YES;
				CLANG_WARN_ENUM_CONVERSION = YES;
				CLANG_WARN_INFINITE_RECURSION = YES;
				CLANG_WARN_INT_CONVERSION = YES;
				CLANG_WARN_NON_LITERAL_NULL_CONVERSION = YES;
				CLANG_WARN_OBJC_IMPLICIT_RETAIN_SELF = YES;
				CLANG_WARN_OBJC_LITERAL_CONVERSION = YES;
				CLANG_WARN_OBJC_ROOT_CLASS = YES_ERROR;
				CLANG_WARN_QUOTED_INCLUDE_IN_FRAMEWORK_HEADER = YES;
				CLANG_WARN_RANGE_LOOP_ANALYSIS = YES;
				CLANG_WARN_STRICT_PROTOTYPES = YES;
				CLANG_WARN_SUSPICIOUS_MOVE = YES;
				CLANG_WARN_UNGUARDED_AVAILABILITY = YES_AGGRESSIVE;
				CLANG_WARN_UNREACHABLE_CODE = YES;
				CLANG_WARN__DUPLICATE_METHOD_MATCH = YES;
				COPY_PHASE_STRIP = NO;
				DEAD_CODE_STRIPPING = YES;
				DEBUG_INFORMATION_FORMAT = dwarf;
				ENABLE_STRICT_OBJC_MSGSEND = YES;
				ENABLE_TESTABILITY = YES;
				GCC_C_LANGUAGE_STANDARD = gnu11;
				GCC_DYNAMIC_NO_PIC = NO;
				GCC_NO_COMMON_BLOCKS = YES;
				GCC_OPTIMIZATION_LEVEL = 0;
				GCC_PREPROCESSOR_DEFINITIONS = (
					"DEBUG=1",
					"$(inherited)",
				);
				GCC_WARN_64_TO_32_BIT_CONVERSION = YES;
				GCC_WARN_ABOUT_RETURN_TYPE = YES_ERROR;
				GCC_WARN_UNDECLARED_SELECTOR = YES;
				GCC_WARN_UNINITIALIZED_AUTOS = YES_AGGRESSIVE;
				GCC_WARN_UNUSED_FUNCTION = YES;
				GCC_WARN_UNUSED_VARIABLE = YES;
				MACOSX_DEPLOYMENT_TARGET = 12.3;
				MTL_ENABLE_DEBUG_INFO = INCLUDE_SOURCE;
				MTL_FAST_MATH = YES;
				ONLY_ACTIVE_ARCH = YES;
				SDKROOT = macosx;
				SWIFT_ACTIVE_COMPILATION_CONDITIONS = DEBUG;
				SWIFT_OPTIMIZATION_LEVEL = "-Onone";
			};
			name = Debug;
		};
		1E628D2228916BEE00570FCC /* Release */ = {
			isa = XCBuildConfiguration;
			buildSettings = {
				ALWAYS_SEARCH_USER_PATHS = NO;
				CLANG_ANALYZER_NONNULL = YES;
				CLANG_ANALYZER_NUMBER_OBJECT_CONVERSION = YES_AGGRESSIVE;
				CLANG_CXX_LANGUAGE_STANDARD = "gnu++17";
				CLANG_ENABLE_MODULES = YES;
				CLANG_ENABLE_OBJC_ARC = YES;
				CLANG_ENABLE_OBJC_WEAK = YES;
				CLANG_WARN_BLOCK_CAPTURE_AUTORELEASING = YES;
				CLANG_WARN_BOOL_CONVERSION = YES;
				CLANG_WARN_COMMA = YES;
				CLANG_WARN_CONSTANT_CONVERSION = YES;
				CLANG_WARN_DEPRECATED_OBJC_IMPLEMENTATIONS = YES;
				CLANG_WARN_DIRECT_OBJC_ISA_USAGE = YES_ERROR;
				CLANG_WARN_DOCUMENTATION_COMMENTS = YES;
				CLANG_WARN_EMPTY_BODY = YES;
				CLANG_WARN_ENUM_CONVERSION = YES;
				CLANG_WARN_INFINITE_RECURSION = YES;
				CLANG_WARN_INT_CONVERSION = YES;
				CLANG_WARN_NON_LITERAL_NULL_CONVERSION = YES;
				CLANG_WARN_OBJC_IMPLICIT_RETAIN_SELF = YES;
				CLANG_WARN_OBJC_LITERAL_CONVERSION = YES;
				CLANG_WARN_OBJC_ROOT_CLASS = YES_ERROR;
				CLANG_WARN_QUOTED_INCLUDE_IN_FRAMEWORK_HEADER = YES;
				CLANG_WARN_RANGE_LOOP_ANALYSIS = YES;
				CLANG_WARN_STRICT_PROTOTYPES = YES;
				CLANG_WARN_SUSPICIOUS_MOVE = YES;
				CLANG_WARN_UNGUARDED_AVAILABILITY = YES_AGGRESSIVE;
				CLANG_WARN_UNREACHABLE_CODE = YES;
				CLANG_WARN__DUPLICATE_METHOD_MATCH = YES;
				COPY_PHASE_STRIP = NO;
				DEAD_CODE_STRIPPING = YES;
				DEBUG_INFORMATION_FORMAT = "dwarf-with-dsym";
				ENABLE_NS_ASSERTIONS = NO;
				ENABLE_STRICT_OBJC_MSGSEND = YES;
				GCC_C_LANGUAGE_STANDARD = gnu11;
				GCC_NO_COMMON_BLOCKS = YES;
				GCC_WARN_64_TO_32_BIT_CONVERSION = YES;
				GCC_WARN_ABOUT_RETURN_TYPE = YES_ERROR;
				GCC_WARN_UNDECLARED_SELECTOR = YES;
				GCC_WARN_UNINITIALIZED_AUTOS = YES_AGGRESSIVE;
				GCC_WARN_UNUSED_FUNCTION = YES;
				GCC_WARN_UNUSED_VARIABLE = YES;
				MACOSX_DEPLOYMENT_TARGET = 12.3;
				MTL_ENABLE_DEBUG_INFO = NO;
				MTL_FAST_MATH = YES;
				SDKROOT = macosx;
				SWIFT_COMPILATION_MODE = wholemodule;
				SWIFT_OPTIMIZATION_LEVEL = "-O";
			};
			name = Release;
		};
		1E628D2428916BEE00570FCC /* Debug */ = {
			isa = XCBuildConfiguration;
			buildSettings = {
				ASSETCATALOG_COMPILER_APPICON_NAME = AppIcon;
				ASSETCATALOG_COMPILER_GLOBAL_ACCENT_COLOR_NAME = AccentColor;
				CODE_SIGN_ENTITLEMENTS = Pipper/Resources/Pipper.entitlements;
				CODE_SIGN_IDENTITY = "-";
				"CODE_SIGN_IDENTITY[sdk=macosx*]" = "Apple Development";
				CODE_SIGN_STYLE = Automatic;
				COMBINE_HIDPI_IMAGES = YES;
				CURRENT_PROJECT_VERSION = 104010;
				DEAD_CODE_STRIPPING = YES;
				DEVELOPMENT_ASSET_PATHS = "";
				DEVELOPMENT_TEAM = 9L5V9XNS25;
				ENABLE_HARDENED_RUNTIME = YES;
				ENABLE_PREVIEWS = YES;
				FRAMEWORK_SEARCH_PATHS = (
					"$(inherited)",
					"$(PROJECT_DIR)",
				);
				GENERATE_INFOPLIST_FILE = YES;
				INFOPLIST_FILE = Pipper/Resources/Info.plist;
				INFOPLIST_KEY_CFBundleDisplayName = Pipper;
				INFOPLIST_KEY_LSApplicationCategoryType = "public.app-category.utilities";
				INFOPLIST_KEY_NSHumanReadableCopyright = "Copyright © Federico Curzel. All rights reserved.";
				LD_RUNPATH_SEARCH_PATHS = (
					"$(inherited)",
					"@executable_path/../Frameworks",
				);
				MACOSX_DEPLOYMENT_TARGET = 12.0;
				MARKETING_VERSION = 1.4;
				PRODUCT_BUNDLE_IDENTIFIER = it.curzel.pipper;
				PRODUCT_NAME = "$(TARGET_NAME)";
				SWIFT_EMIT_LOC_STRINGS = YES;
				SWIFT_VERSION = 5.0;
			};
			name = Debug;
		};
		1E628D2528916BEE00570FCC /* Release */ = {
			isa = XCBuildConfiguration;
			buildSettings = {
				ASSETCATALOG_COMPILER_APPICON_NAME = AppIcon;
				ASSETCATALOG_COMPILER_GLOBAL_ACCENT_COLOR_NAME = AccentColor;
				CODE_SIGN_ENTITLEMENTS = Pipper/Resources/Pipper.entitlements;
				CODE_SIGN_IDENTITY = "-";
				"CODE_SIGN_IDENTITY[sdk=macosx*]" = "Apple Development";
				CODE_SIGN_STYLE = Automatic;
				COMBINE_HIDPI_IMAGES = YES;
				CURRENT_PROJECT_VERSION = 104010;
				DEAD_CODE_STRIPPING = YES;
				DEVELOPMENT_ASSET_PATHS = "";
				DEVELOPMENT_TEAM = 9L5V9XNS25;
				ENABLE_HARDENED_RUNTIME = YES;
				ENABLE_PREVIEWS = YES;
				FRAMEWORK_SEARCH_PATHS = (
					"$(inherited)",
					"$(PROJECT_DIR)",
				);
				GENERATE_INFOPLIST_FILE = YES;
				INFOPLIST_FILE = Pipper/Resources/Info.plist;
				INFOPLIST_KEY_CFBundleDisplayName = Pipper;
				INFOPLIST_KEY_LSApplicationCategoryType = "public.app-category.utilities";
				INFOPLIST_KEY_NSHumanReadableCopyright = "Copyright © Federico Curzel. All rights reserved.";
				LD_RUNPATH_SEARCH_PATHS = (
					"$(inherited)",
					"@executable_path/../Frameworks",
				);
				MACOSX_DEPLOYMENT_TARGET = 12.0;
				MARKETING_VERSION = 1.4;
				PRODUCT_BUNDLE_IDENTIFIER = it.curzel.pipper;
				PRODUCT_NAME = "$(TARGET_NAME)";
				SWIFT_EMIT_LOC_STRINGS = YES;
				SWIFT_VERSION = 5.0;
			};
			name = Release;
		};
		1E628D2728916BEE00570FCC /* Debug */ = {
			isa = XCBuildConfiguration;
			buildSettings = {
				ALWAYS_EMBED_SWIFT_STANDARD_LIBRARIES = YES;
				BUNDLE_LOADER = "$(TEST_HOST)";
				CODE_SIGN_STYLE = Automatic;
				CURRENT_PROJECT_VERSION = 1;
				DEAD_CODE_STRIPPING = YES;
				DEVELOPMENT_TEAM = 9L5V9XNS25;
				GENERATE_INFOPLIST_FILE = YES;
				MACOSX_DEPLOYMENT_TARGET = 12.3;
				MARKETING_VERSION = 1.0;
				PRODUCT_BUNDLE_IDENTIFIER = it.curzel.PipperTests;
				PRODUCT_NAME = "$(TARGET_NAME)";
				SWIFT_EMIT_LOC_STRINGS = NO;
				SWIFT_VERSION = 5.0;
				TEST_HOST = "$(BUILT_PRODUCTS_DIR)/Pipper.app/Contents/MacOS/Pipper";
			};
			name = Debug;
		};
		1E628D2828916BEE00570FCC /* Release */ = {
			isa = XCBuildConfiguration;
			buildSettings = {
				ALWAYS_EMBED_SWIFT_STANDARD_LIBRARIES = YES;
				BUNDLE_LOADER = "$(TEST_HOST)";
				CODE_SIGN_STYLE = Automatic;
				CURRENT_PROJECT_VERSION = 1;
				DEAD_CODE_STRIPPING = YES;
				DEVELOPMENT_TEAM = 9L5V9XNS25;
				GENERATE_INFOPLIST_FILE = YES;
				MACOSX_DEPLOYMENT_TARGET = 12.3;
				MARKETING_VERSION = 1.0;
				PRODUCT_BUNDLE_IDENTIFIER = it.curzel.PipperTests;
				PRODUCT_NAME = "$(TARGET_NAME)";
				SWIFT_EMIT_LOC_STRINGS = NO;
				SWIFT_VERSION = 5.0;
				TEST_HOST = "$(BUILT_PRODUCTS_DIR)/Pipper.app/Contents/MacOS/Pipper";
			};
			name = Release;
		};
/* End XCBuildConfiguration section */

/* Begin XCConfigurationList section */
		1E628CF928916BED00570FCC /* Build configuration list for PBXProject "Pipper" */ = {
			isa = XCConfigurationList;
			buildConfigurations = (
				1E628D2128916BEE00570FCC /* Debug */,
				1E628D2228916BEE00570FCC /* Release */,
			);
			defaultConfigurationIsVisible = 0;
			defaultConfigurationName = Release;
		};
		1E628D2328916BEE00570FCC /* Build configuration list for PBXNativeTarget "Pipper" */ = {
			isa = XCConfigurationList;
			buildConfigurations = (
				1E628D2428916BEE00570FCC /* Debug */,
				1E628D2528916BEE00570FCC /* Release */,
			);
			defaultConfigurationIsVisible = 0;
			defaultConfigurationName = Release;
		};
		1E628D2628916BEE00570FCC /* Build configuration list for PBXNativeTarget "PipperTests" */ = {
			isa = XCConfigurationList;
			buildConfigurations = (
				1E628D2728916BEE00570FCC /* Debug */,
				1E628D2828916BEE00570FCC /* Release */,
			);
			defaultConfigurationIsVisible = 0;
			defaultConfigurationName = Release;
		};
/* End XCConfigurationList section */

/* Begin XCRemoteSwiftPackageReference section */
		1E34738528928C7600E8C840 /* XCRemoteSwiftPackageReference "schwifty" */ = {
			isa = XCRemoteSwiftPackageReference;
			repositoryURL = "https://github.com/curzel-it/schwifty";
			requirement = {
				kind = upToNextMajorVersion;
				minimumVersion = 1.1.12;
			};
		};
		1E78955628AD33D0000F7077 /* XCRemoteSwiftPackageReference "LaunchAtLogin" */ = {
			isa = XCRemoteSwiftPackageReference;
			repositoryURL = "https://github.com/sindresorhus/LaunchAtLogin";
			requirement = {
				kind = upToNextMajorVersion;
				minimumVersion = 5.0.0;
			};
		};
		1E93EEBE2895C8DD006CF96A /* XCRemoteSwiftPackageReference "Kingfisher" */ = {
			isa = XCRemoteSwiftPackageReference;
			repositoryURL = "https://github.com/onevcat/Kingfisher";
			requirement = {
				kind = upToNextMajorVersion;
				minimumVersion = 7.9.1;
			};
		};
		641658962AF6298D003C08EF /* XCRemoteSwiftPackageReference "Swinject" */ = {
			isa = XCRemoteSwiftPackageReference;
			repositoryURL = "https://github.com/Swinject/Swinject";
			requirement = {
				kind = upToNextMajorVersion;
				minimumVersion = 2.8.4;
			};
		};
/* End XCRemoteSwiftPackageReference section */

/* Begin XCSwiftPackageProductDependency section */
		1E34738628928C7600E8C840 /* Schwifty */ = {
			isa = XCSwiftPackageProductDependency;
			package = 1E34738528928C7600E8C840 /* XCRemoteSwiftPackageReference "schwifty" */;
			productName = Schwifty;
		};
		1E78955728AD33D0000F7077 /* LaunchAtLogin */ = {
			isa = XCSwiftPackageProductDependency;
			package = 1E78955628AD33D0000F7077 /* XCRemoteSwiftPackageReference "LaunchAtLogin" */;
			productName = LaunchAtLogin;
		};
		1E93EEBF2895C8DD006CF96A /* Kingfisher */ = {
			isa = XCSwiftPackageProductDependency;
			package = 1E93EEBE2895C8DD006CF96A /* XCRemoteSwiftPackageReference "Kingfisher" */;
			productName = Kingfisher;
		};
		641658972AF62993003C08EF /* Swinject */ = {
			isa = XCSwiftPackageProductDependency;
			package = 641658962AF6298D003C08EF /* XCRemoteSwiftPackageReference "Swinject" */;
			productName = Swinject;
		};
/* End XCSwiftPackageProductDependency section */
	};
	rootObject = 1E628CF628916BED00570FCC /* Project object */;
}
