{
  "pins" : [
    {
      "identity" : "kingfisher",
      "kind" : "remoteSourceControl",
      "location" : "https://github.com/onevcat/Kingfisher",
      "state" : {
        "revision" : "b6f62758f21a8c03cd64f4009c037cfa580a256e",
        "version" : "7.9.1"
      }
    },
    {
      "identity" : "launchatlogin",
      "kind" : "remoteSourceControl",
      "location" : "https://github.com/sindresorhus/LaunchAtLogin",
      "state" : {
        "revision" : "7ad6331f9c38953eb1ce8737758e18f7607e984a",
        "version" : "5.0.0"
      }
    },
    {
      "identity" : "schwifty",
      "kind" : "remoteSourceControl",
      "location" : "https://github.com/curzel-it/schwifty",
      "state" : {
        "revision" : "d989a7054c9f8a132078dfc1843ea5f2b55be47f",
        "version" : "1.0.12"
      }
    },
    {
      "identity" : "windowsdetector",
      "kind" : "remoteSourceControl",
      "location" : "https://github.com/curzel-it/WindowsDetector",
      "state" : {
        "revision" : "9649d329e30e692c32787dfb022119d0f6b173e8",
        "version" : "1.0.5"
      }
    }
  ],
  "version" : 2
}
