{
  "pins" : [
    {
      "identity" : "kingfisher",
      "kind" : "remoteSourceControl",
      "location" : "https://github.com/onevcat/Kingfisher",
      "state" : {
        "revision" : "2235a22ca249199cb736237f4bb9cc12b6ed416a",
        "version" : "7.3.0"
      }
    },
    {
      "identity" : "launchatlogin",
      "kind" : "remoteSourceControl",
      "location" : "https://github.com/sindresorhus/LaunchAtLogin",
      "state" : {
        "revision" : "e8171b3e38a2816f579f58f3dac1522aa39efe41",
        "version" : "4.2.0"
      }
    },
    {
      "identity" : "schwifty",
      "kind" : "remoteSourceControl",
      "location" : "https://github.com/curzel-it/schwifty",
      "state" : {
        "revision" : "d989a7054c9f8a132078dfc1843ea5f2b55be47f",
        "version" : "1.0.12"
      }
    },
    {
      "identity" : "windowsdetector",
      "kind" : "remoteSourceControl",
      "location" : "https://github.com/curzel-it/WindowsDetector",
      "state" : {
        "revision" : "9649d329e30e692c32787dfb022119d0f6b173e8",
        "version" : "1.0.5"
      }
    }
  ],
  "version" : 2
}
