// !$*UTF8*$!
{
	archiveVersion = 1;
	classes = {
	};
	objectVersion = 52;
	objects = {

/* Begin PBXBuildFile section */
		1E1099EE2695C08800ECF1E4 /* Localizable.strings in Resources */ = {isa = PBXBuildFile; fileRef = 1E1099ED2695C08800ECF1E4 /* Localizable.strings */; };
		1E23EFF0269D05DD004F6D9C /* SDWebImage in Frameworks */ = {isa = PBXBuildFile; productRef = 1E23EFEF269D05DD004F6D9C /* SDWebImage */; };
		1E2DD672269247FB00200756 /* Assets.xcassets in Resources */ = {isa = PBXBuildFile; fileRef = 1E2DD671269247FB00200756 /* Assets.xcassets */; };
		1E6BB6962692327900427273 /* RxSwift in Frameworks */ = {isa = PBXBuildFile; productRef = 1E6BB6952692327900427273 /* RxSwift */; };
		1E6BB6982692327900427273 /* RxCocoa in Frameworks */ = {isa = PBXBuildFile; productRef = 1E6BB6972692327900427273 /* RxCocoa */; };
		1E6BB69A2692327900427273 /* RxRelay in Frameworks */ = {isa = PBXBuildFile; productRef = 1E6BB6992692327900427273 /* RxRelay */; };
		1E8E61882448F433009D6257 /* ViewController.swift in Sources */ = {isa = PBXBuildFile; fileRef = 1E8E61872448F432009D6257 /* ViewController.swift */; };
		1EFD845624474836008D2266 /* AppDelegate.swift in Sources */ = {isa = PBXBuildFile; fileRef = 1EFD845524474836008D2266 /* AppDelegate.swift */; };
		1EFD845D24474839008D2266 /* Main.storyboard in Resources */ = {isa = PBXBuildFile; fileRef = 1EFD845B24474839008D2266 /* Main.storyboard */; };
		A60B002D26FDF3E500E5BA8C /* Models.swift in Sources */ = {isa = PBXBuildFile; fileRef = A60B002C26FDF3E500E5BA8C /* Models.swift */; };
		A683B93827039B0900961523 /* ViewModel.swift in Sources */ = {isa = PBXBuildFile; fileRef = A683B93727039B0900961523 /* ViewModel.swift */; };
		A6FF244B26FDE66A005106D4 /* homepage.html in Resources */ = {isa = PBXBuildFile; fileRef = A6FF244A26FDE66A005106D4 /* homepage.html */; };
/* End PBXBuildFile section */

/* Begin PBXCopyFilesBuildPhase section */
		1E4C5C13244B6456001AF690 /* Embed Frameworks */ = {
			isa = PBXCopyFilesBuildPhase;
			buildActionMask = 2147483647;
			dstPath = "";
			dstSubfolderSpec = 10;
			files = (
			);
			name = "Embed Frameworks";
			runOnlyForDeploymentPostprocessing = 0;
		};
		1ECA0A1D2694345C00E2A821 /* CopyFiles */ = {
			isa = PBXCopyFilesBuildPhase;
			buildActionMask = 2147483647;
			dstPath = Contents/Library/LoginItems;
			dstSubfolderSpec = 1;
			files = (
			);
			runOnlyForDeploymentPostprocessing = 0;
		};
/* End PBXCopyFilesBuildPhase section */

/* Begin PBXFileReference section */
		1E1099ED2695C08800ECF1E4 /* Localizable.strings */ = {isa = PBXFileReference; lastKnownFileType = text.plist.strings; path = Localizable.strings; sourceTree = "<group>"; };
		1E2DD671269247FB00200756 /* Assets.xcassets */ = {isa = PBXFileReference; lastKnownFileType = folder.assetcatalog; path = Assets.xcassets; sourceTree = "<group>"; };
		1E8E61872448F432009D6257 /* ViewController.swift */ = {isa = PBXFileReference; fileEncoding = 4; lastKnownFileType = sourcecode.swift; path = ViewController.swift; sourceTree = "<group>"; };
		1ECA0A1F269434AC00E2A821 /* ServiceManagement.framework */ = {isa = PBXFileReference; lastKnownFileType = wrapper.framework; name = ServiceManagement.framework; path = System/Library/Frameworks/ServiceManagement.framework; sourceTree = SDKROOT; };
		1EFD845224474836008D2266 /* Pipper.app */ = {isa = PBXFileReference; explicitFileType = wrapper.application; includeInIndex = 0; path = Pipper.app; sourceTree = BUILT_PRODUCTS_DIR; };
		1EFD845524474836008D2266 /* AppDelegate.swift */ = {isa = PBXFileReference; lastKnownFileType = sourcecode.swift; path = AppDelegate.swift; sourceTree = "<group>"; };
		1EFD845C24474839008D2266 /* Base */ = {isa = PBXFileReference; lastKnownFileType = file.storyboard; name = Base; path = Base.lproj/Main.storyboard; sourceTree = "<group>"; };
		1EFD845E24474839008D2266 /* Info.plist */ = {isa = PBXFileReference; lastKnownFileType = text.plist.xml; path = Info.plist; sourceTree = "<group>"; };
		1EFD845F24474839008D2266 /* app.entitlements */ = {isa = PBXFileReference; lastKnownFileType = text.plist.entitlements; path = app.entitlements; sourceTree = "<group>"; };
		A60B002C26FDF3E500E5BA8C /* Models.swift */ = {isa = PBXFileReference; lastKnownFileType = sourcecode.swift; path = Models.swift; sourceTree = "<group>"; };
		A683B93727039B0900961523 /* ViewModel.swift */ = {isa = PBXFileReference; lastKnownFileType = sourcecode.swift; path = ViewModel.swift; sourceTree = "<group>"; };
		A6FF244A26FDE66A005106D4 /* homepage.html */ = {isa = PBXFileReference; lastKnownFileType = text.html; path = homepage.html; sourceTree = "<group>"; };
/* End PBXFileReference section */

/* Begin PBXFrameworksBuildPhase section */
		1EFD844F24474836008D2266 /* Frameworks */ = {
			isa = PBXFrameworksBuildPhase;
			buildActionMask = 2147483647;
			files = (
				1E23EFF0269D05DD004F6D9C /* SDWebImage in Frameworks */,
				1E6BB69A2692327900427273 /* RxRelay in Frameworks */,
				1E6BB6982692327900427273 /* RxCocoa in Frameworks */,
				1E6BB6962692327900427273 /* RxSwift in Frameworks */,
			);
			runOnlyForDeploymentPostprocessing = 0;
		};
/* End PBXFrameworksBuildPhase section */

/* Begin PBXGroup section */
		1EFD844924474836008D2266 = {
			isa = PBXGroup;
			children = (
				1EFD845424474836008D2266 /* App */,
				1EFD845324474836008D2266 /* Products */,
				4F73ED7C1767CB21681BBC98 /* Frameworks */,
			);
			sourceTree = "<group>";
		};
		1EFD845324474836008D2266 /* Products */ = {
			isa = PBXGroup;
			children = (
				1EFD845224474836008D2266 /* Pipper.app */,
			);
			name = Products;
			sourceTree = "<group>";
		};
		1EFD845424474836008D2266 /* App */ = {
			isa = PBXGroup;
			children = (
				1EFD845524474836008D2266 /* AppDelegate.swift */,
				A60B002C26FDF3E500E5BA8C /* Models.swift */,
				1EFD851C24475CA4008D2266 /* Resources */,
				1E8E61872448F432009D6257 /* ViewController.swift */,
				A683B93727039B0900961523 /* ViewModel.swift */,
			);
			path = App;
			sourceTree = "<group>";
		};
		1EFD851C24475CA4008D2266 /* Resources */ = {
			isa = PBXGroup;
			children = (
				1E2DD671269247FB00200756 /* Assets.xcassets */,
				1EFD845E24474839008D2266 /* Info.plist */,
				1E1099ED2695C08800ECF1E4 /* Localizable.strings */,
				1EFD845B24474839008D2266 /* Main.storyboard */,
				1EFD845F24474839008D2266 /* app.entitlements */,
				A6FF244A26FDE66A005106D4 /* homepage.html */,
			);
			path = Resources;
			sourceTree = "<group>";
		};
		4F73ED7C1767CB21681BBC98 /* Frameworks */ = {
			isa = PBXGroup;
			children = (
				1ECA0A1F269434AC00E2A821 /* ServiceManagement.framework */,
			);
			name = Frameworks;
			sourceTree = "<group>";
		};
/* End PBXGroup section */

/* Begin PBXNativeTarget section */
		1EFD845124474836008D2266 /* Pipper */ = {
			isa = PBXNativeTarget;
			buildConfigurationList = 1EFD846224474839008D2266 /* Build configuration list for PBXNativeTarget "Pipper" */;
			buildPhases = (
				1EFD844E24474836008D2266 /* Sources */,
				1EFD844F24474836008D2266 /* Frameworks */,
				1EFD845024474836008D2266 /* Resources */,
				1E4C5C13244B6456001AF690 /* Embed Frameworks */,
				1ED4620D269248BC00AD7B00 /* SwiftLint */,
				1ECA0A1D2694345C00E2A821 /* CopyFiles */,
				1E1C8DB12695A4990048A45F /* Increment Build Number */,
			);
			buildRules = (
			);
			dependencies = (
			);
			name = Pipper;
			packageProductDependencies = (
				1E6BB6952692327900427273 /* RxSwift */,
				1E6BB6972692327900427273 /* RxCocoa */,
				1E6BB6992692327900427273 /* RxRelay */,
				1E23EFEF269D05DD004F6D9C /* SDWebImage */,
			);
			productName = pets;
			productReference = 1EFD845224474836008D2266 /* Pipper.app */;
			productType = "com.apple.product-type.application";
		};
/* End PBXNativeTarget section */

/* Begin PBXProject section */
		1EFD844A24474836008D2266 /* Project object */ = {
			isa = PBXProject;
			attributes = {
				LastSwiftUpdateCheck = 1250;
				LastUpgradeCheck = 1250;
				ORGANIZATIONNAME = "Federico Curzel";
				TargetAttributes = {
					1EFD845124474836008D2266 = {
						CreatedOnToolsVersion = 11.4;
					};
				};
			};
			buildConfigurationList = 1EFD844D24474836008D2266 /* Build configuration list for PBXProject "Pipper" */;
			compatibilityVersion = "Xcode 9.3";
			developmentRegion = en;
			hasScannedForEncodings = 0;
			knownRegions = (
				en,
				Base,
			);
			mainGroup = 1EFD844924474836008D2266;
			packageReferences = (
				1E6BB6942692327900427273 /* XCRemoteSwiftPackageReference "RxSwift" */,
				1E23EFEE269D05DD004F6D9C /* XCRemoteSwiftPackageReference "SDWebImage" */,
			);
			productRefGroup = 1EFD845324474836008D2266 /* Products */;
			projectDirPath = "";
			projectRoot = "";
			targets = (
				1EFD845124474836008D2266 /* Pipper */,
			);
		};
/* End PBXProject section */

/* Begin PBXResourcesBuildPhase section */
		1EFD845024474836008D2266 /* Resources */ = {
			isa = PBXResourcesBuildPhase;
			buildActionMask = 2147483647;
			files = (
				1E2DD672269247FB00200756 /* Assets.xcassets in Resources */,
				1E1099EE2695C08800ECF1E4 /* Localizable.strings in Resources */,
				A6FF244B26FDE66A005106D4 /* homepage.html in Resources */,
				1EFD845D24474839008D2266 /* Main.storyboard in Resources */,
			);
			runOnlyForDeploymentPostprocessing = 0;
		};
/* End PBXResourcesBuildPhase section */

/* Begin PBXShellScriptBuildPhase section */
		1E1C8DB12695A4990048A45F /* Increment Build Number */ = {
			isa = PBXShellScriptBuildPhase;
			buildActionMask = 2147483647;
			files = (
			);
			inputFileListPaths = (
			);
			inputPaths = (
			);
			name = "Increment Build Number";
			outputFileListPaths = (
			);
			outputPaths = (
			);
			runOnlyForDeploymentPostprocessing = 0;
			shellPath = /bin/sh;
			shellScript = "plist=\"${PROJECT_DIR}/App/Resources/Info.plist\"\nbuddy=/usr/libexec/PlistBuddy\nlastBuild=$($buddy -c \"Print CFBundleVersion\" \"$plist\")\nnewBuild=$(($lastBuild + 1))\n$buddy -c \"Set :CFBundleVersion $newBuild\" \"$plist\"\n";
		};
		1ED4620D269248BC00AD7B00 /* SwiftLint */ = {
			isa = PBXShellScriptBuildPhase;
			buildActionMask = 2147483647;
			files = (
			);
			inputFileListPaths = (
			);
			inputPaths = (
			);
			name = SwiftLint;
			outputFileListPaths = (
			);
			outputPaths = (
			);
			runOnlyForDeploymentPostprocessing = 0;
			shellPath = /bin/sh;
			shellScript = "if test -d \"/opt/homebrew/bin/\"; then\n  PATH=\"/opt/homebrew/bin/:${PATH}\"\nfi\n\nexport PATH\n\nif which swiftlint >/dev/null; then\n  swiftlint --path \"$SRCROOT\"\nelse\n  echo \"warning: SwiftLint not installed, download from https://github.com/realm/SwiftLint\"\nfi\n";
		};
/* End PBXShellScriptBuildPhase section */

/* Begin PBXSourcesBuildPhase section */
		1EFD844E24474836008D2266 /* Sources */ = {
			isa = PBXSourcesBuildPhase;
			buildActionMask = 2147483647;
			files = (
				1E8E61882448F433009D6257 /* ViewController.swift in Sources */,
				1EFD845624474836008D2266 /* AppDelegate.swift in Sources */,
				A683B93827039B0900961523 /* ViewModel.swift in Sources */,
				A60B002D26FDF3E500E5BA8C /* Models.swift in Sources */,
			);
			runOnlyForDeploymentPostprocessing = 0;
		};
/* End PBXSourcesBuildPhase section */

/* Begin PBXVariantGroup section */
		1EFD845B24474839008D2266 /* Main.storyboard */ = {
			isa = PBXVariantGroup;
			children = (
				1EFD845C24474839008D2266 /* Base */,
			);
			name = Main.storyboard;
			sourceTree = "<group>";
		};
/* End PBXVariantGroup section */

/* Begin XCBuildConfiguration section */
		1EFD846024474839008D2266 /* Debug */ = {
			isa = XCBuildConfiguration;
			buildSettings = {
				ALWAYS_SEARCH_USER_PATHS = NO;
				CLANG_ANALYZER_NONNULL = YES;
				CLANG_ANALYZER_NUMBER_OBJECT_CONVERSION = YES_AGGRESSIVE;
				CLANG_CXX_LANGUAGE_STANDARD = "gnu++14";
				CLANG_CXX_LIBRARY = "libc++";
				CLANG_ENABLE_MODULES = YES;
				CLANG_ENABLE_OBJC_ARC = YES;
				CLANG_ENABLE_OBJC_WEAK = YES;
				CLANG_WARN_BLOCK_CAPTURE_AUTORELEASING = YES;
				CLANG_WARN_BOOL_CONVERSION = YES;
				CLANG_WARN_COMMA = YES;
				CLANG_WARN_CONSTANT_CONVERSION = YES;
				CLANG_WARN_DEPRECATED_OBJC_IMPLEMENTATIONS = YES;
				CLANG_WARN_DIRECT_OBJC_ISA_USAGE = YES_ERROR;
				CLANG_WARN_DOCUMENTATION_COMMENTS = YES;
				CLANG_WARN_EMPTY_BODY = YES;
				CLANG_WARN_ENUM_CONVERSION = YES;
				CLANG_WARN_INFINITE_RECURSION = YES;
				CLANG_WARN_INT_CONVERSION = YES;
				CLANG_WARN_NON_LITERAL_NULL_CONVERSION = YES;
				CLANG_WARN_OBJC_IMPLICIT_RETAIN_SELF = YES;
				CLANG_WARN_OBJC_LITERAL_CONVERSION = YES;
				CLANG_WARN_OBJC_ROOT_CLASS = YES_ERROR;
				CLANG_WARN_QUOTED_INCLUDE_IN_FRAMEWORK_HEADER = YES;
				CLANG_WARN_RANGE_LOOP_ANALYSIS = YES;
				CLANG_WARN_STRICT_PROTOTYPES = YES;
				CLANG_WARN_SUSPICIOUS_MOVE = YES;
				CLANG_WARN_UNGUARDED_AVAILABILITY = YES_AGGRESSIVE;
				CLANG_WARN_UNREACHABLE_CODE = YES;
				CLANG_WARN__DUPLICATE_METHOD_MATCH = YES;
				COPY_PHASE_STRIP = NO;
				DEBUG_INFORMATION_FORMAT = dwarf;
				ENABLE_STRICT_OBJC_MSGSEND = YES;
				ENABLE_TESTABILITY = YES;
				GCC_C_LANGUAGE_STANDARD = gnu11;
				GCC_DYNAMIC_NO_PIC = NO;
				GCC_NO_COMMON_BLOCKS = YES;
				GCC_OPTIMIZATION_LEVEL = 0;
				GCC_PREPROCESSOR_DEFINITIONS = (
					"DEBUG=1",
					"$(inherited)",
				);
				GCC_WARN_64_TO_32_BIT_CONVERSION = YES;
				GCC_WARN_ABOUT_RETURN_TYPE = YES_ERROR;
				GCC_WARN_UNDECLARED_SELECTOR = YES;
				GCC_WARN_UNINITIALIZED_AUTOS = YES_AGGRESSIVE;
				GCC_WARN_UNUSED_FUNCTION = YES;
				GCC_WARN_UNUSED_VARIABLE = YES;
				MACOSX_DEPLOYMENT_TARGET = 10.15;
				MTL_ENABLE_DEBUG_INFO = INCLUDE_SOURCE;
				MTL_FAST_MATH = YES;
				ONLY_ACTIVE_ARCH = YES;
				SDKROOT = macosx;
				SWIFT_ACTIVE_COMPILATION_CONDITIONS = DEBUG;
				SWIFT_OPTIMIZATION_LEVEL = "-Onone";
			};
			name = Debug;
		};
		1EFD846124474839008D2266 /* Release */ = {
			isa = XCBuildConfiguration;
			buildSettings = {
				ALWAYS_SEARCH_USER_PATHS = NO;
				CLANG_ANALYZER_NONNULL = YES;
				CLANG_ANALYZER_NUMBER_OBJECT_CONVERSION = YES_AGGRESSIVE;
				CLANG_CXX_LANGUAGE_STANDARD = "gnu++14";
				CLANG_CXX_LIBRARY = "libc++";
				CLANG_ENABLE_MODULES = YES;
				CLANG_ENABLE_OBJC_ARC = YES;
				CLANG_ENABLE_OBJC_WEAK = YES;
				CLANG_WARN_BLOCK_CAPTURE_AUTORELEASING = YES;
				CLANG_WARN_BOOL_CONVERSION = YES;
				CLANG_WARN_COMMA = YES;
				CLANG_WARN_CONSTANT_CONVERSION = YES;
				CLANG_WARN_DEPRECATED_OBJC_IMPLEMENTATIONS = YES;
				CLANG_WARN_DIRECT_OBJC_ISA_USAGE = YES_ERROR;
				CLANG_WARN_DOCUMENTATION_COMMENTS = YES;
				CLANG_WARN_EMPTY_BODY = YES;
				CLANG_WARN_ENUM_CONVERSION = YES;
				CLANG_WARN_INFINITE_RECURSION = YES;
				CLANG_WARN_INT_CONVERSION = YES;
				CLANG_WARN_NON_LITERAL_NULL_CONVERSION = YES;
				CLANG_WARN_OBJC_IMPLICIT_RETAIN_SELF = YES;
				CLANG_WARN_OBJC_LITERAL_CONVERSION = YES;
				CLANG_WARN_OBJC_ROOT_CLASS = YES_ERROR;
				CLANG_WARN_QUOTED_INCLUDE_IN_FRAMEWORK_HEADER = YES;
				CLANG_WARN_RANGE_LOOP_ANALYSIS = YES;
				CLANG_WARN_STRICT_PROTOTYPES = YES;
				CLANG_WARN_SUSPICIOUS_MOVE = YES;
				CLANG_WARN_UNGUARDED_AVAILABILITY = YES_AGGRESSIVE;
				CLANG_WARN_UNREACHABLE_CODE = YES;
				CLANG_WARN__DUPLICATE_METHOD_MATCH = YES;
				COPY_PHASE_STRIP = NO;
				DEBUG_INFORMATION_FORMAT = "dwarf-with-dsym";
				ENABLE_NS_ASSERTIONS = NO;
				ENABLE_STRICT_OBJC_MSGSEND = YES;
				GCC_C_LANGUAGE_STANDARD = gnu11;
				GCC_NO_COMMON_BLOCKS = YES;
				GCC_WARN_64_TO_32_BIT_CONVERSION = YES;
				GCC_WARN_ABOUT_RETURN_TYPE = YES_ERROR;
				GCC_WARN_UNDECLARED_SELECTOR = YES;
				GCC_WARN_UNINITIALIZED_AUTOS = YES_AGGRESSIVE;
				GCC_WARN_UNUSED_FUNCTION = YES;
				GCC_WARN_UNUSED_VARIABLE = YES;
				MACOSX_DEPLOYMENT_TARGET = 10.15;
				MTL_ENABLE_DEBUG_INFO = NO;
				MTL_FAST_MATH = YES;
				SDKROOT = macosx;
				SWIFT_COMPILATION_MODE = wholemodule;
				SWIFT_OPTIMIZATION_LEVEL = "-O";
			};
			name = Release;
		};
		1EFD846324474839008D2266 /* Debug */ = {
			isa = XCBuildConfiguration;
			buildSettings = {
				ASSETCATALOG_COMPILER_APPICON_NAME = AppIcon;
				ASSETCATALOG_COMPILER_GLOBAL_ACCENT_COLOR_NAME = color_accent;
				CODE_SIGN_ENTITLEMENTS = App/Resources/app.entitlements;
				CODE_SIGN_IDENTITY = "-";
				CODE_SIGN_STYLE = Automatic;
				COMBINE_HIDPI_IMAGES = YES;
				CURRENT_PROJECT_VERSION = 100;
				DEVELOPMENT_TEAM = 9L5V9XNS25;
				ENABLE_HARDENED_RUNTIME = YES;
				FRAMEWORK_SEARCH_PATHS = "$(inherited)";
				INFOPLIST_FILE = App/Resources/Info.plist;
				LD_RUNPATH_SEARCH_PATHS = (
					"$(inherited)",
					"@executable_path/../Frameworks",
				);
				MACOSX_DEPLOYMENT_TARGET = 10.15;
				MARKETING_VERSION = 1.0;
				PRODUCT_BUNDLE_IDENTIFIER = it.curzel.pipper;
				PRODUCT_NAME = "$(TARGET_NAME)";
				SWIFT_VERSION = 5.0;
			};
			name = Debug;
		};
		1EFD846424474839008D2266 /* Release */ = {
			isa = XCBuildConfiguration;
			buildSettings = {
				ASSETCATALOG_COMPILER_APPICON_NAME = AppIcon;
				ASSETCATALOG_COMPILER_GLOBAL_ACCENT_COLOR_NAME = color_accent;
				CODE_SIGN_ENTITLEMENTS = App/Resources/app.entitlements;
				CODE_SIGN_IDENTITY = "-";
				CODE_SIGN_STYLE = Automatic;
				COMBINE_HIDPI_IMAGES = YES;
				CURRENT_PROJECT_VERSION = 100;
				DEVELOPMENT_TEAM = 9L5V9XNS25;
				ENABLE_HARDENED_RUNTIME = YES;
				FRAMEWORK_SEARCH_PATHS = "$(inherited)";
				INFOPLIST_FILE = App/Resources/Info.plist;
				LD_RUNPATH_SEARCH_PATHS = (
					"$(inherited)",
					"@executable_path/../Frameworks",
				);
				MACOSX_DEPLOYMENT_TARGET = 10.15;
				MARKETING_VERSION = 1.0;
				PRODUCT_BUNDLE_IDENTIFIER = it.curzel.pipper;
				PRODUCT_NAME = "$(TARGET_NAME)";
				SWIFT_VERSION = 5.0;
			};
			name = Release;
		};
/* End XCBuildConfiguration section */

/* Begin XCConfigurationList section */
		1EFD844D24474836008D2266 /* Build configuration list for PBXProject "Pipper" */ = {
			isa = XCConfigurationList;
			buildConfigurations = (
				1EFD846024474839008D2266 /* Debug */,
				1EFD846124474839008D2266 /* Release */,
			);
			defaultConfigurationIsVisible = 0;
			defaultConfigurationName = Release;
		};
		1EFD846224474839008D2266 /* Build configuration list for PBXNativeTarget "Pipper" */ = {
			isa = XCConfigurationList;
			buildConfigurations = (
				1EFD846324474839008D2266 /* Debug */,
				1EFD846424474839008D2266 /* Release */,
			);
			defaultConfigurationIsVisible = 0;
			defaultConfigurationName = Release;
		};
/* End XCConfigurationList section */

/* Begin XCRemoteSwiftPackageReference section */
		1E23EFEE269D05DD004F6D9C /* XCRemoteSwiftPackageReference "SDWebImage" */ = {
			isa = XCRemoteSwiftPackageReference;
			repositoryURL = "https://github.com/SDWebImage/SDWebImage";
			requirement = {
				kind = upToNextMajorVersion;
				minimumVersion = 5.11.1;
			};
		};
		1E6BB6942692327900427273 /* XCRemoteSwiftPackageReference "RxSwift" */ = {
			isa = XCRemoteSwiftPackageReference;
			repositoryURL = "https://github.com/ReactiveX/RxSwift.git";
			requirement = {
				kind = upToNextMajorVersion;
				minimumVersion = 6.2.0;
			};
		};
/* End XCRemoteSwiftPackageReference section */

/* Begin XCSwiftPackageProductDependency section */
		1E23EFEF269D05DD004F6D9C /* SDWebImage */ = {
			isa = XCSwiftPackageProductDependency;
			package = 1E23EFEE269D05DD004F6D9C /* XCRemoteSwiftPackageReference "SDWebImage" */;
			productName = SDWebImage;
		};
		1E6BB6952692327900427273 /* RxSwift */ = {
			isa = XCSwiftPackageProductDependency;
			package = 1E6BB6942692327900427273 /* XCRemoteSwiftPackageReference "RxSwift" */;
			productName = RxSwift;
		};
		1E6BB6972692327900427273 /* RxCocoa */ = {
			isa = XCSwiftPackageProductDependency;
			package = 1E6BB6942692327900427273 /* XCRemoteSwiftPackageReference "RxSwift" */;
			productName = RxCocoa;
		};
		1E6BB6992692327900427273 /* RxRelay */ = {
			isa = XCSwiftPackageProductDependency;
			package = 1E6BB6942692327900427273 /* XCRemoteSwiftPackageReference "RxSwift" */;
			productName = RxRelay;
		};
/* End XCSwiftPackageProductDependency section */
	};
	rootObject = 1EFD844A24474836008D2266 /* Project object */;
}
